
Microsoft Visual Studio Solution File, Format Version 12.00
# Visual Studio Version 16
VisualStudioVersion = 16.0.31424.327
MinimumVisualStudioVersion = 10.0.40219.1
Project("{9A19103F-16F7-4668-BE54-9A1E7A4F7556}") = "privat modificator", "privat modificator.csproj", "{B4E27773-07F7-450C-9CFA-19AD5D00AA83}"
EndProject
Project("{FAE04EC0-301F-11D3-BF4B-00C04F79EFBC}") = "2 solution", "..\2 solution\2 solution.csproj", "{B86C157A-42D9-469F-9133-C0CD50DB86FB}"
EndProject
Global
	GlobalSection(SolutionConfigurationPlatforms) = preSolution
		Debug|Any CPU = Debug|Any CPU
		Release|Any CPU = Release|Any CPU
	EndGlobalSection
	GlobalSection(ProjectConfigurationPlatforms) = postSolution
		{B4E27773-07F7-450C-9CFA-19AD5D00AA83}.Debug|Any CPU.ActiveCfg = Debug|Any CPU
		{B4E27773-07F7-450C-9CFA-19AD5D00AA83}.Debug|Any CPU.Build.0 = Debug|Any CPU
		{B4E27773-07F7-450C-9CFA-19AD5D00AA83}.Release|Any CPU.ActiveCfg = Release|Any CPU
		{B4E27773-07F7-450C-9CFA-19AD5D00AA83}.Release|Any CPU.Build.0 = Release|Any CPU
		{B86C157A-42D9-469F-9133-C0CD50DB86FB}.Debug|Any CPU.ActiveCfg = Debug|Any CPU
		{B86C157A-42D9-469F-9133-C0CD50DB86FB}.Debug|Any CPU.Build.0 = Debug|Any CPU
		{B86C157A-42D9-469F-9133-C0CD50DB86FB}.Release|Any CPU.ActiveCfg = Release|Any CPU
		{B86C157A-42D9-469F-9133-C0CD50DB86FB}.Release|Any CPU.Build.0 = Release|Any CPU
	EndGlobalSection
	GlobalSection(SolutionProperties) = preSolution
		HideSolutionNode = FALSE
	EndGlobalSection
	GlobalSection(ExtensibilityGlobals) = postSolution
		SolutionGuid = {36DF08BF-F8E8-46E1-B45B-AA04740ACC2C}
	EndGlobalSection
EndGlobal
